
Microsoft Visual Studio Solution File, Format Version 12.00
# Visual Studio Version 17
VisualStudioVersion = 17.0.31903.59
MinimumVisualStudioVersion = 10.0.40219.1
Project("{FAE04EC0-301F-11D3-BF4B-00C04F79EFBC}") = "CodeGenerator.Core", "CodeGenerator.Core\CodeGenerator.Core.csproj", "{BD2B9CF4-AE12-4D26-9B42-24A19E7682E3}"
EndProject
Project("{FAE04EC0-301F-11D3-BF4B-00C04F79EFBC}") = "CodeGenerator.Cli", "CodeGenerator.Cli\CodeGenerator.Cli.csproj", "{C909BAF0-3CFB-4FAC-B8E0-110DB234F3E2}"
EndProject
Project("{FAE04EC0-301F-11D3-BF4B-00C04F79EFBC}") = "CodeGenerator.Gui", "CodeGenerator.Gui\CodeGenerator.Gui.csproj", "{C892261C-5995-4233-8E80-D0CE919849FB}"
EndProject
Global
	GlobalSection(SolutionConfigurationPlatforms) = preSolution
		Debug|Any CPU = Debug|Any CPU
		Release|Any CPU = Release|Any CPU
	EndGlobalSection
	GlobalSection(ProjectConfigurationPlatforms) = postSolution
		{BD2B9CF4-AE12-4D26-9B42-24A19E7682E3}.Debug|Any CPU.ActiveCfg = Debug|Any CPU
		{BD2B9CF4-AE12-4D26-9B42-24A19E7682E3}.Debug|Any CPU.Build.0 = Debug|Any CPU
		{BD2B9CF4-AE12-4D26-9B42-24A19E7682E3}.Release|Any CPU.ActiveCfg = Release|Any CPU
		{BD2B9CF4-AE12-4D26-9B42-24A19E7682E3}.Release|Any CPU.Build.0 = Release|Any CPU
		{C909BAF0-3CFB-4FAC-B8E0-110DB234F3E2}.Debug|Any CPU.ActiveCfg = Debug|Any CPU
		{C909BAF0-3CFB-4FAC-B8E0-110DB234F3E2}.Debug|Any CPU.Build.0 = Debug|Any CPU
		{C909BAF0-3CFB-4FAC-B8E0-110DB234F3E2}.Release|Any CPU.ActiveCfg = Release|Any CPU
		{C909BAF0-3CFB-4FAC-B8E0-110DB234F3E2}.Release|Any CPU.Build.0 = Release|Any CPU
		{C892261C-5995-4233-8E80-D0CE919849FB}.Debug|Any CPU.ActiveCfg = Debug|Any CPU
		{C892261C-5995-4233-8E80-D0CE919849FB}.Debug|Any CPU.Build.0 = Debug|Any CPU
		{C892261C-5995-4233-8E80-D0CE919849FB}.Release|Any CPU.ActiveCfg = Release|Any CPU
		{C892261C-5995-4233-8E80-D0CE919849FB}.Release|Any CPU.Build.0 = Release|Any CPU
	EndGlobalSection
	GlobalSection(SolutionProperties) = preSolution
		HideSolutionNode = FALSE
	EndGlobalSection
EndGlobal
